
Microsoft Visual Studio Solution File, Format Version 12.00
# Visual Studio Version 16
VisualStudioVersion = 16.0.33927.289
MinimumVisualStudioVersion = 10.0.40219.1
Project("{2150E333-8FDC-42A3-9474-1A3956D46DE8}") = "task4", "task4", "{4717C2BB-891E-4A9D-BC85-34ACA4771E05}"
EndProject
Project("{FAE04EC0-301F-11D3-BF4B-00C04F79EFBC}") = "Tyuiu.GorovenkoGV.Sprint3.Task4.V6", "Tyuiu.GorovenkoGV.Sprint3.Task4.V6\Tyuiu.GorovenkoGV.Sprint3.Task4.V6.csproj", "{552D728E-12D2-4AA0-AF9E-302E224A4678}"
EndProject
Project("{FAE04EC0-301F-11D3-BF4B-00C04F79EFBC}") = "Tyuiu.GorovenkoGV.Sprint3.Task4.V6.Test", "Tyuiu.GorovenkoGV.Sprint3.Task4.V6.Test\Tyuiu.GorovenkoGV.Sprint3.Task4.V6.Test.csproj", "{AA276EE7-D31B-4E03-90C1-2ABD0C2108D1}"
EndProject
Project("{FAE04EC0-301F-11D3-BF4B-00C04F79EFBC}") = "Tyuiu.GorovenkoGV.Sprint3.Task4.V6.Lib", "Tyuiu.GorovenkoGV.Sprint3.Task4.V6.Lib\Tyuiu.GorovenkoGV.Sprint3.Task4.V6.Lib.csproj", "{8EF5453B-7516-4E2B-BD6E-DB35281AA7CA}"
EndProject
Project("{2150E333-8FDC-42A3-9474-1A3956D46DE8}") = "NewFolder1", "NewFolder1", "{8CCF08E6-5B3D-43AA-9FE4-AAE98EAFBFA2}"
EndProject
Project("{FAE04EC0-301F-11D3-BF4B-00C04F79EFBC}") = "Tyuiu.GorovenkoGV.Sprint3.Task5.V26", "Tyuiu.GorovenkoGV.Sprint3.Task5.V26\Tyuiu.GorovenkoGV.Sprint3.Task5.V26.csproj", "{2E16125D-E623-432A-8585-98C3B6813371}"
EndProject
Project("{FAE04EC0-301F-11D3-BF4B-00C04F79EFBC}") = "Tyuiu.GorovenkoGV.Sprint3.Task5.V26.Test", "Tyuiu.GorovenkoGV.Sprint3.Task5.V26.Test\Tyuiu.GorovenkoGV.Sprint3.Task5.V26.Test.csproj", "{FC784BC4-EB20-4610-89D3-B61AF00CB1B9}"
EndProject
Project("{FAE04EC0-301F-11D3-BF4B-00C04F79EFBC}") = "Tyuiu.GorovenkoGV.Sprint3.Task5.V26.Lib", "Tyuiu.GorovenkoGV.Sprint3.Task5.V26.Lib\Tyuiu.GorovenkoGV.Sprint3.Task5.V26.Lib.csproj", "{D4FC9FD2-231A-4411-B69E-CCA13F282CB4}"
EndProject
Project("{2150E333-8FDC-42A3-9474-1A3956D46DE8}") = "NewFolder2", "NewFolder2", "{78B55E23-9FA2-4802-8EB7-E86785B20831}"
EndProject
Project("{FAE04EC0-301F-11D3-BF4B-00C04F79EFBC}") = "Tyuiu.GorovenkoGV.Sprint3.Task6.V30", "Tyuiu.GorovenkoGV.Sprint3.Task6.V30\Tyuiu.GorovenkoGV.Sprint3.Task6.V30.csproj", "{F0C18647-CD72-438F-BE48-5BD1006C7ECB}"
EndProject
Project("{FAE04EC0-301F-11D3-BF4B-00C04F79EFBC}") = "Tyuiu.GorovenkoGV.Sprint3.Task6.V30.Test", "Tyuiu.GorovenkoGV.Sprint3.Task6.V30.Test\Tyuiu.GorovenkoGV.Sprint3.Task6.V30.Test.csproj", "{E750A4F4-8C75-41D7-856F-BDB4468CED85}"
EndProject
Project("{FAE04EC0-301F-11D3-BF4B-00C04F79EFBC}") = "Tyuiu.GorovenkoGV.Sprint3.Task6.V30.Lib", "Tyuiu.GorovenkoGV.Sprint3.Task6.V30.Lib\Tyuiu.GorovenkoGV.Sprint3.Task6.V30.Lib.csproj", "{4C8A4583-A4E9-47E9-B5A0-345A117AA305}"
EndProject
Project("{2150E333-8FDC-42A3-9474-1A3956D46DE8}") = "NewFolder3", "NewFolder3", "{18089DDF-F460-488B-ADB4-94F113B40F67}"
EndProject
Project("{FAE04EC0-301F-11D3-BF4B-00C04F79EFBC}") = "Tyuiu.GorovenkoGV.Sprint3.Task7.V17", "Tyuiu.GorovenkoGV.Sprint3.Task7.V17\Tyuiu.GorovenkoGV.Sprint3.Task7.V17.csproj", "{401A2AEB-E907-4520-9C23-B14CD95ECDE2}"
EndProject
Project("{FAE04EC0-301F-11D3-BF4B-00C04F79EFBC}") = "Tyuiu.GorovenkoGV.Sprint3.Task7.V17.Test", "Tyuiu.GorovenkoGV.Sprint3.Task7.V17.Test\Tyuiu.GorovenkoGV.Sprint3.Task7.V17.Test.csproj", "{2771AAE1-3F9B-4AB2-A776-5945E39814BD}"
EndProject
Project("{FAE04EC0-301F-11D3-BF4B-00C04F79EFBC}") = "Tyuiu.GorovenkoGV.Sprint3.Task7.V17.Lib", "Tyuiu.GorovenkoGV.Sprint3.Task7.V17.Lib\Tyuiu.GorovenkoGV.Sprint3.Task7.V17.Lib.csproj", "{845BBDDB-22CF-48CE-A6E8-3E287E8D2A7F}"
EndProject
Project("{2150E333-8FDC-42A3-9474-1A3956D46DE8}") = "task0", "task0", "{3F75B7DB-CC32-4A3A-A5BE-6D61A2CB484C}"
EndProject
Project("{FAE04EC0-301F-11D3-BF4B-00C04F79EFBC}") = "Tyuiu.GorovenkoGV.Sprint3.Task0.V30.Lib", "Tyuiu.GorovenkoGV.Sprint3.Task0.V30.Lib\Tyuiu.GorovenkoGV.Sprint3.Task0.V30.Lib.csproj", "{3C5625FC-2EB2-429C-A98B-0D769B70EF68}"
EndProject
Project("{FAE04EC0-301F-11D3-BF4B-00C04F79EFBC}") = "Tyuiu.GorovenkoGV.Sprint3.Task0.V30.Test", "Tyuiu.GorovenkoGV.Sprint3.Task0.V30.Test\Tyuiu.GorovenkoGV.Sprint3.Task0.V30.Test.csproj", "{B78FDAC5-9A41-4DDC-8F23-5E1D7378AE77}"
EndProject
Project("{FAE04EC0-301F-11D3-BF4B-00C04F79EFBC}") = "Tyuiu.GorovenkoGV.Sprint3.Task0.V30", "Tyuiu.GorovenkoGV.Sprint3.Task0.V30\Tyuiu.GorovenkoGV.Sprint3.Task0.V30.csproj", "{017ABF9C-E026-4931-BA40-D7AC624A0526}"
EndProject
Project("{2150E333-8FDC-42A3-9474-1A3956D46DE8}") = "task1", "task1", "{F8A027F8-8372-4A25-B905-9E23A7150261}"
EndProject
Project("{FAE04EC0-301F-11D3-BF4B-00C04F79EFBC}") = "Tyuiu.GorovenkoGV.Sprint3.Task1.V22", "Tyuiu.GorovenkoGV.Sprint3.Task1.V22\Tyuiu.GorovenkoGV.Sprint3.Task1.V22.csproj", "{ABAB2000-8EFB-4D5E-B2ED-98007F41BB6F}"
EndProject
Project("{FAE04EC0-301F-11D3-BF4B-00C04F79EFBC}") = "Tyuiu.GorovenkoGV.Sprint3.Task1.V22.Test", "Tyuiu.GorovenkoGV.Sprint3.Task1.V22.Test\Tyuiu.GorovenkoGV.Sprint3.Task1.V22.Test.csproj", "{D3A9009D-1C75-4431-8EFD-DC01C93E9CB3}"
EndProject
Project("{FAE04EC0-301F-11D3-BF4B-00C04F79EFBC}") = "Tyuiu.GorovenkoGV.Sprint3.Task1.V22.Lib", "Tyuiu.GorovenkoGV.Sprint3.Task1.V22.Lib\Tyuiu.GorovenkoGV.Sprint3.Task1.V22.Lib.csproj", "{BDCB3F70-8FD6-4399-B805-BB804E7CC5B6}"
EndProject
Global
	GlobalSection(SolutionConfigurationPlatforms) = preSolution
		Debug|Any CPU = Debug|Any CPU
		Release|Any CPU = Release|Any CPU
	EndGlobalSection
	GlobalSection(ProjectConfigurationPlatforms) = postSolution
		{552D728E-12D2-4AA0-AF9E-302E224A4678}.Debug|Any CPU.ActiveCfg = Debug|Any CPU
		{552D728E-12D2-4AA0-AF9E-302E224A4678}.Debug|Any CPU.Build.0 = Debug|Any CPU
		{552D728E-12D2-4AA0-AF9E-302E224A4678}.Release|Any CPU.ActiveCfg = Release|Any CPU
		{552D728E-12D2-4AA0-AF9E-302E224A4678}.Release|Any CPU.Build.0 = Release|Any CPU
		{AA276EE7-D31B-4E03-90C1-2ABD0C2108D1}.Debug|Any CPU.ActiveCfg = Debug|Any CPU
		{AA276EE7-D31B-4E03-90C1-2ABD0C2108D1}.Debug|Any CPU.Build.0 = Debug|Any CPU
		{AA276EE7-D31B-4E03-90C1-2ABD0C2108D1}.Release|Any CPU.ActiveCfg = Release|Any CPU
		{AA276EE7-D31B-4E03-90C1-2ABD0C2108D1}.Release|Any CPU.Build.0 = Release|Any CPU
		{8EF5453B-7516-4E2B-BD6E-DB35281AA7CA}.Debug|Any CPU.ActiveCfg = Debug|Any CPU
		{8EF5453B-7516-4E2B-BD6E-DB35281AA7CA}.Debug|Any CPU.Build.0 = Debug|Any CPU
		{8EF5453B-7516-4E2B-BD6E-DB35281AA7CA}.Release|Any CPU.ActiveCfg = Release|Any CPU
		{8EF5453B-7516-4E2B-BD6E-DB35281AA7CA}.Release|Any CPU.Build.0 = Release|Any CPU
		{2E16125D-E623-432A-8585-98C3B6813371}.Debug|Any CPU.ActiveCfg = Debug|Any CPU
		{2E16125D-E623-432A-8585-98C3B6813371}.Debug|Any CPU.Build.0 = Debug|Any CPU
		{2E16125D-E623-432A-8585-98C3B6813371}.Release|Any CPU.ActiveCfg = Release|Any CPU
		{2E16125D-E623-432A-8585-98C3B6813371}.Release|Any CPU.Build.0 = Release|Any CPU
		{FC784BC4-EB20-4610-89D3-B61AF00CB1B9}.Debug|Any CPU.ActiveCfg = Debug|Any CPU
		{FC784BC4-EB20-4610-89D3-B61AF00CB1B9}.Debug|Any CPU.Build.0 = Debug|Any CPU
		{FC784BC4-EB20-4610-89D3-B61AF00CB1B9}.Release|Any CPU.ActiveCfg = Release|Any CPU
		{FC784BC4-EB20-4610-89D3-B61AF00CB1B9}.Release|Any CPU.Build.0 = Release|Any CPU
		{D4FC9FD2-231A-4411-B69E-CCA13F282CB4}.Debug|Any CPU.ActiveCfg = Debug|Any CPU
		{D4FC9FD2-231A-4411-B69E-CCA13F282CB4}.Debug|Any CPU.Build.0 = Debug|Any CPU
		{D4FC9FD2-231A-4411-B69E-CCA13F282CB4}.Release|Any CPU.ActiveCfg = Release|Any CPU
		{D4FC9FD2-231A-4411-B69E-CCA13F282CB4}.Release|Any CPU.Build.0 = Release|Any CPU
		{F0C18647-CD72-438F-BE48-5BD1006C7ECB}.Debug|Any CPU.ActiveCfg = Debug|Any CPU
		{F0C18647-CD72-438F-BE48-5BD1006C7ECB}.Debug|Any CPU.Build.0 = Debug|Any CPU
		{F0C18647-CD72-438F-BE48-5BD1006C7ECB}.Release|Any CPU.ActiveCfg = Release|Any CPU
		{F0C18647-CD72-438F-BE48-5BD1006C7ECB}.Release|Any CPU.Build.0 = Release|Any CPU
		{E750A4F4-8C75-41D7-856F-BDB4468CED85}.Debug|Any CPU.ActiveCfg = Debug|Any CPU
		{E750A4F4-8C75-41D7-856F-BDB4468CED85}.Debug|Any CPU.Build.0 = Debug|Any CPU
		{E750A4F4-8C75-41D7-856F-BDB4468CED85}.Release|Any CPU.ActiveCfg = Release|Any CPU
		{E750A4F4-8C75-41D7-856F-BDB4468CED85}.Release|Any CPU.Build.0 = Release|Any CPU
		{4C8A4583-A4E9-47E9-B5A0-345A117AA305}.Debug|Any CPU.ActiveCfg = Debug|Any CPU
		{4C8A4583-A4E9-47E9-B5A0-345A117AA305}.Debug|Any CPU.Build.0 = Debug|Any CPU
		{4C8A4583-A4E9-47E9-B5A0-345A117AA305}.Release|Any CPU.ActiveCfg = Release|Any CPU
		{4C8A4583-A4E9-47E9-B5A0-345A117AA305}.Release|Any CPU.Build.0 = Release|Any CPU
		{401A2AEB-E907-4520-9C23-B14CD95ECDE2}.Debug|Any CPU.ActiveCfg = Debug|Any CPU
		{401A2AEB-E907-4520-9C23-B14CD95ECDE2}.Debug|Any CPU.Build.0 = Debug|Any CPU
		{401A2AEB-E907-4520-9C23-B14CD95ECDE2}.Release|Any CPU.ActiveCfg = Release|Any CPU
		{401A2AEB-E907-4520-9C23-B14CD95ECDE2}.Release|Any CPU.Build.0 = Release|Any CPU
		{2771AAE1-3F9B-4AB2-A776-5945E39814BD}.Debug|Any CPU.ActiveCfg = Debug|Any CPU
		{2771AAE1-3F9B-4AB2-A776-5945E39814BD}.Debug|Any CPU.Build.0 = Debug|Any CPU
		{2771AAE1-3F9B-4AB2-A776-5945E39814BD}.Release|Any CPU.ActiveCfg = Release|Any CPU
		{2771AAE1-3F9B-4AB2-A776-5945E39814BD}.Release|Any CPU.Build.0 = Release|Any CPU
		{845BBDDB-22CF-48CE-A6E8-3E287E8D2A7F}.Debug|Any CPU.ActiveCfg = Debug|Any CPU
		{845BBDDB-22CF-48CE-A6E8-3E287E8D2A7F}.Debug|Any CPU.Build.0 = Debug|Any CPU
		{845BBDDB-22CF-48CE-A6E8-3E287E8D2A7F}.Release|Any CPU.ActiveCfg = Release|Any CPU
		{845BBDDB-22CF-48CE-A6E8-3E287E8D2A7F}.Release|Any CPU.Build.0 = Release|Any CPU
		{3C5625FC-2EB2-429C-A98B-0D769B70EF68}.Debug|Any CPU.ActiveCfg = Debug|Any CPU
		{3C5625FC-2EB2-429C-A98B-0D769B70EF68}.Debug|Any CPU.Build.0 = Debug|Any CPU
		{3C5625FC-2EB2-429C-A98B-0D769B70EF68}.Release|Any CPU.ActiveCfg = Release|Any CPU
		{3C5625FC-2EB2-429C-A98B-0D769B70EF68}.Release|Any CPU.Build.0 = Release|Any CPU
		{B78FDAC5-9A41-4DDC-8F23-5E1D7378AE77}.Debug|Any CPU.ActiveCfg = Debug|Any CPU
		{B78FDAC5-9A41-4DDC-8F23-5E1D7378AE77}.Debug|Any CPU.Build.0 = Debug|Any CPU
		{B78FDAC5-9A41-4DDC-8F23-5E1D7378AE77}.Release|Any CPU.ActiveCfg = Release|Any CPU
		{B78FDAC5-9A41-4DDC-8F23-5E1D7378AE77}.Release|Any CPU.Build.0 = Release|Any CPU
		{017ABF9C-E026-4931-BA40-D7AC624A0526}.Debug|Any CPU.ActiveCfg = Debug|Any CPU
		{017ABF9C-E026-4931-BA40-D7AC624A0526}.Debug|Any CPU.Build.0 = Debug|Any CPU
		{017ABF9C-E026-4931-BA40-D7AC624A0526}.Release|Any CPU.ActiveCfg = Release|Any CPU
		{017ABF9C-E026-4931-BA40-D7AC624A0526}.Release|Any CPU.Build.0 = Release|Any CPU
		{ABAB2000-8EFB-4D5E-B2ED-98007F41BB6F}.Debug|Any CPU.ActiveCfg = Debug|Any CPU
		{ABAB2000-8EFB-4D5E-B2ED-98007F41BB6F}.Debug|Any CPU.Build.0 = Debug|Any CPU
		{ABAB2000-8EFB-4D5E-B2ED-98007F41BB6F}.Release|Any CPU.ActiveCfg = Release|Any CPU
		{ABAB2000-8EFB-4D5E-B2ED-98007F41BB6F}.Release|Any CPU.Build.0 = Release|Any CPU
		{D3A9009D-1C75-4431-8EFD-DC01C93E9CB3}.Debug|Any CPU.ActiveCfg = Debug|Any CPU
		{D3A9009D-1C75-4431-8EFD-DC01C93E9CB3}.Debug|Any CPU.Build.0 = Debug|Any CPU
		{D3A9009D-1C75-4431-8EFD-DC01C93E9CB3}.Release|Any CPU.ActiveCfg = Release|Any CPU
		{D3A9009D-1C75-4431-8EFD-DC01C93E9CB3}.Release|Any CPU.Build.0 = Release|Any CPU
		{BDCB3F70-8FD6-4399-B805-BB804E7CC5B6}.Debug|Any CPU.ActiveCfg = Debug|Any CPU
		{BDCB3F70-8FD6-4399-B805-BB804E7CC5B6}.Debug|Any CPU.Build.0 = Debug|Any CPU
		{BDCB3F70-8FD6-4399-B805-BB804E7CC5B6}.Release|Any CPU.ActiveCfg = Release|Any CPU
		{BDCB3F70-8FD6-4399-B805-BB804E7CC5B6}.Release|Any CPU.Build.0 = Release|Any CPU
	EndGlobalSection
	GlobalSection(SolutionProperties) = preSolution
		HideSolutionNode = FALSE
	EndGlobalSection
	GlobalSection(NestedProjects) = preSolution
		{552D728E-12D2-4AA0-AF9E-302E224A4678} = {4717C2BB-891E-4A9D-BC85-34ACA4771E05}
		{AA276EE7-D31B-4E03-90C1-2ABD0C2108D1} = {4717C2BB-891E-4A9D-BC85-34ACA4771E05}
		{8EF5453B-7516-4E2B-BD6E-DB35281AA7CA} = {4717C2BB-891E-4A9D-BC85-34ACA4771E05}
		{2E16125D-E623-432A-8585-98C3B6813371} = {8CCF08E6-5B3D-43AA-9FE4-AAE98EAFBFA2}
		{FC784BC4-EB20-4610-89D3-B61AF00CB1B9} = {8CCF08E6-5B3D-43AA-9FE4-AAE98EAFBFA2}
		{D4FC9FD2-231A-4411-B69E-CCA13F282CB4} = {8CCF08E6-5B3D-43AA-9FE4-AAE98EAFBFA2}
		{F0C18647-CD72-438F-BE48-5BD1006C7ECB} = {78B55E23-9FA2-4802-8EB7-E86785B20831}
		{E750A4F4-8C75-41D7-856F-BDB4468CED85} = {78B55E23-9FA2-4802-8EB7-E86785B20831}
		{4C8A4583-A4E9-47E9-B5A0-345A117AA305} = {78B55E23-9FA2-4802-8EB7-E86785B20831}
		{401A2AEB-E907-4520-9C23-B14CD95ECDE2} = {18089DDF-F460-488B-ADB4-94F113B40F67}
		{2771AAE1-3F9B-4AB2-A776-5945E39814BD} = {18089DDF-F460-488B-ADB4-94F113B40F67}
		{845BBDDB-22CF-48CE-A6E8-3E287E8D2A7F} = {18089DDF-F460-488B-ADB4-94F113B40F67}
		{3C5625FC-2EB2-429C-A98B-0D769B70EF68} = {3F75B7DB-CC32-4A3A-A5BE-6D61A2CB484C}
		{B78FDAC5-9A41-4DDC-8F23-5E1D7378AE77} = {3F75B7DB-CC32-4A3A-A5BE-6D61A2CB484C}
		{017ABF9C-E026-4931-BA40-D7AC624A0526} = {3F75B7DB-CC32-4A3A-A5BE-6D61A2CB484C}
		{ABAB2000-8EFB-4D5E-B2ED-98007F41BB6F} = {F8A027F8-8372-4A25-B905-9E23A7150261}
		{D3A9009D-1C75-4431-8EFD-DC01C93E9CB3} = {F8A027F8-8372-4A25-B905-9E23A7150261}
		{BDCB3F70-8FD6-4399-B805-BB804E7CC5B6} = {F8A027F8-8372-4A25-B905-9E23A7150261}
	EndGlobalSection
	GlobalSection(ExtensibilityGlobals) = postSolution
		SolutionGuid = {99D3CC2C-FE36-4F9B-980E-A4221A2FDDE4}
	EndGlobalSection
EndGlobal
